
Microsoft Visual Studio Solution File, Format Version 12.00
# Visual Studio 15
VisualStudioVersion = 15.0.27428.2005
MinimumVisualStudioVersion = 10.0.40219.1
Project("{FAE04EC0-301F-11D3-BF4B-00C04F79EFBC}") = "Knock-Knock-Quiz", "Knock-Knock-Quiz\Knock-Knock-Quiz.csproj", "{C84D7E74-31AD-45B0-A1E2-C824EA22391C}"
EndProject
Global
	GlobalSection(SolutionConfigurationPlatforms) = preSolution
		Debug|Any CPU = Debug|Any CPU
		Release|Any CPU = Release|Any CPU
	EndGlobalSection
	GlobalSection(ProjectConfigurationPlatforms) = postSolution
		{C84D7E74-31AD-45B0-A1E2-C824EA22391C}.Debug|Any CPU.ActiveCfg = Debug|Any CPU
		{C84D7E74-31AD-45B0-A1E2-C824EA22391C}.Debug|Any CPU.Build.0 = Debug|Any CPU
		{C84D7E74-31AD-45B0-A1E2-C824EA22391C}.Release|Any CPU.ActiveCfg = Release|Any CPU
		{C84D7E74-31AD-45B0-A1E2-C824EA22391C}.Release|Any CPU.Build.0 = Release|Any CPU
	EndGlobalSection
	GlobalSection(SolutionProperties) = preSolution
		HideSolutionNode = FALSE
	EndGlobalSection
	GlobalSection(ExtensibilityGlobals) = postSolution
		SolutionGuid = {93787AAC-DF53-4318-8E29-BB0EBF0943C5}
	EndGlobalSection
EndGlobal
